
Microsoft Visual Studio Solution File, Format Version 12.00
# Visual Studio Version 16
VisualStudioVersion = 16.0.31729.503
MinimumVisualStudioVersion = 10.0.40219.1
Project("{9A19103F-16F7-4668-BE54-9A1E7A4F7556}") = "TransformExtChar", "TransformExtChar\TransformExtChar.csproj", "{619AF58D-45D5-48DE-908B-5689BDF7AC32}"
EndProject
Project("{FAE04EC0-301F-11D3-BF4B-00C04F79EFBC}") = "ConsoleApp2", "ConsoleApp2\ConsoleApp2.csproj", "{F001C554-FD90-429F-BC7D-9080683D0754}"
EndProject
Global
	GlobalSection(SolutionConfigurationPlatforms) = preSolution
		Debug|Any CPU = Debug|Any CPU
		Release|Any CPU = Release|Any CPU
	EndGlobalSection
	GlobalSection(ProjectConfigurationPlatforms) = postSolution
		{619AF58D-45D5-48DE-908B-5689BDF7AC32}.Debug|Any CPU.ActiveCfg = Debug|Any CPU
		{619AF58D-45D5-48DE-908B-5689BDF7AC32}.Debug|Any CPU.Build.0 = Debug|Any CPU
		{619AF58D-45D5-48DE-908B-5689BDF7AC32}.Release|Any CPU.ActiveCfg = Release|Any CPU
		{619AF58D-45D5-48DE-908B-5689BDF7AC32}.Release|Any CPU.Build.0 = Release|Any CPU
		{F001C554-FD90-429F-BC7D-9080683D0754}.Debug|Any CPU.ActiveCfg = Debug|Any CPU
		{F001C554-FD90-429F-BC7D-9080683D0754}.Debug|Any CPU.Build.0 = Debug|Any CPU
		{F001C554-FD90-429F-BC7D-9080683D0754}.Release|Any CPU.ActiveCfg = Release|Any CPU
		{F001C554-FD90-429F-BC7D-9080683D0754}.Release|Any CPU.Build.0 = Release|Any CPU
	EndGlobalSection
	GlobalSection(SolutionProperties) = preSolution
		HideSolutionNode = FALSE
	EndGlobalSection
	GlobalSection(ExtensibilityGlobals) = postSolution
		SolutionGuid = {6B8E7789-0BC5-431B-AB3B-B7055CED194A}
	EndGlobalSection
EndGlobal
